
Microsoft Visual Studio Solution File, Format Version 12.00
# Visual Studio Version 16
VisualStudioVersion = 16.0.29215.179
MinimumVisualStudioVersion = 10.0.40219.1
Project("{FAE04EC0-301F-11D3-BF4B-00C04F79EFBC}") = "metoder csharp InlUpp1", "metoder csharp InlUpp1\metoder csharp InlUpp1.csproj", "{CD402C84-2F0F-498E-ACD8-72F386B1E06A}"
EndProject
Global
	GlobalSection(SolutionConfigurationPlatforms) = preSolution
		Debug|Any CPU = Debug|Any CPU
		Release|Any CPU = Release|Any CPU
	EndGlobalSection
	GlobalSection(ProjectConfigurationPlatforms) = postSolution
		{CD402C84-2F0F-498E-ACD8-72F386B1E06A}.Debug|Any CPU.ActiveCfg = Debug|Any CPU
		{CD402C84-2F0F-498E-ACD8-72F386B1E06A}.Debug|Any CPU.Build.0 = Debug|Any CPU
		{CD402C84-2F0F-498E-ACD8-72F386B1E06A}.Release|Any CPU.ActiveCfg = Release|Any CPU
		{CD402C84-2F0F-498E-ACD8-72F386B1E06A}.Release|Any CPU.Build.0 = Release|Any CPU
	EndGlobalSection
	GlobalSection(SolutionProperties) = preSolution
		HideSolutionNode = FALSE
	EndGlobalSection
	GlobalSection(ExtensibilityGlobals) = postSolution
		SolutionGuid = {7DC70AED-61A0-4A92-ADB4-767D6A3A4829}
	EndGlobalSection
EndGlobal
